
Microsoft Visual Studio Solution File, Format Version 12.00
# Visual Studio Version 16
VisualStudioVersion = 16.0.32802.440
MinimumVisualStudioVersion = 10.0.40219.1
Project("{9A19103F-16F7-4668-BE54-9A1E7A4F7556}") = "HelloWorld", "HelloWorld\HelloWorld.csproj", "{5B1B2405-9681-4350-823B-AA617FD077DF}"
EndProject
Project("{FAE04EC0-301F-11D3-BF4B-00C04F79EFBC}") = "PlayingCardProject", "PlayingCardProject\PlayingCardProject.csproj", "{198CB8F8-7B9B-4C74-8997-B507CEAC7B76}"
EndProject
Project("{FAE04EC0-301F-11D3-BF4B-00C04F79EFBC}") = "HrSystem", "HrSystem\HrSystem.csproj", "{989E1C61-4173-49EC-85F5-F7AA1F5B8966}"
EndProject
Global
	GlobalSection(SolutionConfigurationPlatforms) = preSolution
		Debug|Any CPU = Debug|Any CPU
		Release|Any CPU = Release|Any CPU
	EndGlobalSection
	GlobalSection(ProjectConfigurationPlatforms) = postSolution
		{5B1B2405-9681-4350-823B-AA617FD077DF}.Debug|Any CPU.ActiveCfg = Debug|Any CPU
		{5B1B2405-9681-4350-823B-AA617FD077DF}.Debug|Any CPU.Build.0 = Debug|Any CPU
		{5B1B2405-9681-4350-823B-AA617FD077DF}.Release|Any CPU.ActiveCfg = Release|Any CPU
		{5B1B2405-9681-4350-823B-AA617FD077DF}.Release|Any CPU.Build.0 = Release|Any CPU
		{198CB8F8-7B9B-4C74-8997-B507CEAC7B76}.Debug|Any CPU.ActiveCfg = Debug|Any CPU
		{198CB8F8-7B9B-4C74-8997-B507CEAC7B76}.Debug|Any CPU.Build.0 = Debug|Any CPU
		{198CB8F8-7B9B-4C74-8997-B507CEAC7B76}.Release|Any CPU.ActiveCfg = Release|Any CPU
		{198CB8F8-7B9B-4C74-8997-B507CEAC7B76}.Release|Any CPU.Build.0 = Release|Any CPU
		{989E1C61-4173-49EC-85F5-F7AA1F5B8966}.Debug|Any CPU.ActiveCfg = Debug|Any CPU
		{989E1C61-4173-49EC-85F5-F7AA1F5B8966}.Debug|Any CPU.Build.0 = Debug|Any CPU
		{989E1C61-4173-49EC-85F5-F7AA1F5B8966}.Release|Any CPU.ActiveCfg = Release|Any CPU
		{989E1C61-4173-49EC-85F5-F7AA1F5B8966}.Release|Any CPU.Build.0 = Release|Any CPU
	EndGlobalSection
	GlobalSection(SolutionProperties) = preSolution
		HideSolutionNode = FALSE
	EndGlobalSection
	GlobalSection(ExtensibilityGlobals) = postSolution
		SolutionGuid = {3209A765-9821-417C-B07C-6FC475F9C929}
	EndGlobalSection
EndGlobal
