
Microsoft Visual Studio Solution File, Format Version 12.00
# Visual Studio Version 16
VisualStudioVersion = 16.0.32802.440
MinimumVisualStudioVersion = 10.0.40219.1
Project("{9A19103F-16F7-4668-BE54-9A1E7A4F7556}") = "HelloWorld", "HelloWorld\HelloWorld.csproj", "{5B1B2405-9681-4350-823B-AA617FD077DF}"
EndProject
Project("{9A19103F-16F7-4668-BE54-9A1E7A4F7556}") = "PlayingCardProject", "PlayingCardProject\PlayingCardProject.csproj", "{198CB8F8-7B9B-4C74-8997-B507CEAC7B76}"
EndProject
Project("{9A19103F-16F7-4668-BE54-9A1E7A4F7556}") = "HrSystem", "HrSystem\HrSystem.csproj", "{989E1C61-4173-49EC-85F5-F7AA1F5B8966}"
EndProject
Project("{FAE04EC0-301F-11D3-BF4B-00C04F79EFBC}") = "StringInvestigation", "StringInvestigation\StringInvestigation.csproj", "{34DED253-BD1E-42D8-8F6F-68893188B883}"
EndProject
Project("{FAE04EC0-301F-11D3-BF4B-00C04F79EFBC}") = "ArrayInvestigation", "ArrayInvestigation\ArrayInvestigation.csproj", "{BA57E811-FA95-4BD2-8627-928796103A17}"
EndProject
Project("{FAE04EC0-301F-11D3-BF4B-00C04F79EFBC}") = "StaticInvestigation", "StaticInvestigation\StaticInvestigation.csproj", "{7340942D-DA46-433C-9421-4EFCCA7FD51F}"
EndProject
Project("{FAE04EC0-301F-11D3-BF4B-00C04F79EFBC}") = "ListInvestigation", "ListInvestigation\ListInvestigation.csproj", "{E278AFEF-36FF-40D0-AC2E-783CD58E6E5E}"
EndProject
Project("{FAE04EC0-301F-11D3-BF4B-00C04F79EFBC}") = "CommonBaseClassInvestigation", "CommonBaseClassInvestigation\CommonBaseClassInvestigation.csproj", "{531BB16B-9CBB-4D11-818D-2063DF8F9E4E}"
EndProject
Project("{FAE04EC0-301F-11D3-BF4B-00C04F79EFBC}") = "DatabaseHelloWorld", "DatabaseHelloWorld\DatabaseHelloWorld.csproj", "{EA2B647E-32A9-49C0-8ABA-7628C73FEC04}"
EndProject
Project("{FAE04EC0-301F-11D3-BF4B-00C04F79EFBC}") = "UserDaoInvestigation", "UserDaoInvestigation\UserDaoInvestigation.csproj", "{A9409A6F-71D7-417F-8957-505B960C4641}"
EndProject
Global
	GlobalSection(SolutionConfigurationPlatforms) = preSolution
		Debug|Any CPU = Debug|Any CPU
		Release|Any CPU = Release|Any CPU
	EndGlobalSection
	GlobalSection(ProjectConfigurationPlatforms) = postSolution
		{5B1B2405-9681-4350-823B-AA617FD077DF}.Debug|Any CPU.ActiveCfg = Debug|Any CPU
		{5B1B2405-9681-4350-823B-AA617FD077DF}.Debug|Any CPU.Build.0 = Debug|Any CPU
		{5B1B2405-9681-4350-823B-AA617FD077DF}.Release|Any CPU.ActiveCfg = Release|Any CPU
		{5B1B2405-9681-4350-823B-AA617FD077DF}.Release|Any CPU.Build.0 = Release|Any CPU
		{198CB8F8-7B9B-4C74-8997-B507CEAC7B76}.Debug|Any CPU.ActiveCfg = Debug|Any CPU
		{198CB8F8-7B9B-4C74-8997-B507CEAC7B76}.Debug|Any CPU.Build.0 = Debug|Any CPU
		{198CB8F8-7B9B-4C74-8997-B507CEAC7B76}.Release|Any CPU.ActiveCfg = Release|Any CPU
		{198CB8F8-7B9B-4C74-8997-B507CEAC7B76}.Release|Any CPU.Build.0 = Release|Any CPU
		{989E1C61-4173-49EC-85F5-F7AA1F5B8966}.Debug|Any CPU.ActiveCfg = Debug|Any CPU
		{989E1C61-4173-49EC-85F5-F7AA1F5B8966}.Debug|Any CPU.Build.0 = Debug|Any CPU
		{989E1C61-4173-49EC-85F5-F7AA1F5B8966}.Release|Any CPU.ActiveCfg = Release|Any CPU
		{989E1C61-4173-49EC-85F5-F7AA1F5B8966}.Release|Any CPU.Build.0 = Release|Any CPU
		{34DED253-BD1E-42D8-8F6F-68893188B883}.Debug|Any CPU.ActiveCfg = Debug|Any CPU
		{34DED253-BD1E-42D8-8F6F-68893188B883}.Debug|Any CPU.Build.0 = Debug|Any CPU
		{34DED253-BD1E-42D8-8F6F-68893188B883}.Release|Any CPU.ActiveCfg = Release|Any CPU
		{34DED253-BD1E-42D8-8F6F-68893188B883}.Release|Any CPU.Build.0 = Release|Any CPU
		{BA57E811-FA95-4BD2-8627-928796103A17}.Debug|Any CPU.ActiveCfg = Debug|Any CPU
		{BA57E811-FA95-4BD2-8627-928796103A17}.Debug|Any CPU.Build.0 = Debug|Any CPU
		{BA57E811-FA95-4BD2-8627-928796103A17}.Release|Any CPU.ActiveCfg = Release|Any CPU
		{BA57E811-FA95-4BD2-8627-928796103A17}.Release|Any CPU.Build.0 = Release|Any CPU
		{7340942D-DA46-433C-9421-4EFCCA7FD51F}.Debug|Any CPU.ActiveCfg = Debug|Any CPU
		{7340942D-DA46-433C-9421-4EFCCA7FD51F}.Debug|Any CPU.Build.0 = Debug|Any CPU
		{7340942D-DA46-433C-9421-4EFCCA7FD51F}.Release|Any CPU.ActiveCfg = Release|Any CPU
		{7340942D-DA46-433C-9421-4EFCCA7FD51F}.Release|Any CPU.Build.0 = Release|Any CPU
		{E278AFEF-36FF-40D0-AC2E-783CD58E6E5E}.Debug|Any CPU.ActiveCfg = Debug|Any CPU
		{E278AFEF-36FF-40D0-AC2E-783CD58E6E5E}.Debug|Any CPU.Build.0 = Debug|Any CPU
		{E278AFEF-36FF-40D0-AC2E-783CD58E6E5E}.Release|Any CPU.ActiveCfg = Release|Any CPU
		{E278AFEF-36FF-40D0-AC2E-783CD58E6E5E}.Release|Any CPU.Build.0 = Release|Any CPU
		{531BB16B-9CBB-4D11-818D-2063DF8F9E4E}.Debug|Any CPU.ActiveCfg = Debug|Any CPU
		{531BB16B-9CBB-4D11-818D-2063DF8F9E4E}.Debug|Any CPU.Build.0 = Debug|Any CPU
		{531BB16B-9CBB-4D11-818D-2063DF8F9E4E}.Release|Any CPU.ActiveCfg = Release|Any CPU
		{531BB16B-9CBB-4D11-818D-2063DF8F9E4E}.Release|Any CPU.Build.0 = Release|Any CPU
		{EA2B647E-32A9-49C0-8ABA-7628C73FEC04}.Debug|Any CPU.ActiveCfg = Debug|Any CPU
		{EA2B647E-32A9-49C0-8ABA-7628C73FEC04}.Debug|Any CPU.Build.0 = Debug|Any CPU
		{EA2B647E-32A9-49C0-8ABA-7628C73FEC04}.Release|Any CPU.ActiveCfg = Release|Any CPU
		{EA2B647E-32A9-49C0-8ABA-7628C73FEC04}.Release|Any CPU.Build.0 = Release|Any CPU
		{A9409A6F-71D7-417F-8957-505B960C4641}.Debug|Any CPU.ActiveCfg = Debug|Any CPU
		{A9409A6F-71D7-417F-8957-505B960C4641}.Debug|Any CPU.Build.0 = Debug|Any CPU
		{A9409A6F-71D7-417F-8957-505B960C4641}.Release|Any CPU.ActiveCfg = Release|Any CPU
		{A9409A6F-71D7-417F-8957-505B960C4641}.Release|Any CPU.Build.0 = Release|Any CPU
	EndGlobalSection
	GlobalSection(SolutionProperties) = preSolution
		HideSolutionNode = FALSE
	EndGlobalSection
	GlobalSection(ExtensibilityGlobals) = postSolution
		SolutionGuid = {3209A765-9821-417C-B07C-6FC475F9C929}
	EndGlobalSection
EndGlobal
